{
  "name": "dwp-dam-sqlcheck",
  "version": "1.0.0",
  "lockfileVersion": 3,
  "requires": true,
  "packages": {
    "": {
      "name": "dwp-dam-sqlcheck",
      "dependencies": {
        "libpg-query": "^17.7.4"
      }
    },
    "node_modules/@pgsql/types": {
      "version": "17.6.2",
      "resolved": "https://registry.npmjs.org/@pgsql/types/-/types-17.6.2.tgz",
      "integrity": "sha512-1UtbELdbqNdyOShhrVfSz3a1gDi0s9XXiQemx+6QqtsrXe62a6zOGU+vjb2GRfG5jeEokI1zBBcfD42enRv0Rw==",
      "license": "MIT"
    },
    "node_modules/libpg-query": {
      "version": "17.7.4",
      "resolved": "https://registry.npmjs.org/libpg-query/-/libpg-query-17.7.4.tgz",
      "integrity": "sha512-hTV3LvacQgJhc6GHpu5GYZMQBOAEpJ/LF1JjkixZ8YLh2TtbuN8y0JlNiPTe8PBTV9ChFkKcZMWSYKyhJfkYaQ==",
      "license": "MIT",
      "dependencies": {
        "@pgsql/types": "^17.6.2"
      }
    }
  }
}
